{
  "nodes": {
    "fish-done": {
      "flake": false,
      "locked": {
        "lastModified": 1747320793,
        "narHash": "sha256-WA6DBrPBuXRIloO05UBunTJ9N01d6tO1K1uqojjO0mo=",
        "owner": "franciscolourenco",
        "repo": "done",
        "rev": "0bfe402753681f705a482694fcaf20c2bfc6deb7",
        "type": "github"
      },
      "original": {
        "owner": "franciscolourenco",
        "repo": "done",
        "type": "github"
      }
    },
    "home-manager": {
      "inputs": {
        "nixpkgs": [
          "nixpkgs"
        ]
      },
      "locked": {
        "lastModified": 1762704774,
        "narHash": "sha256-iodz4xQbULkHqetbPu5BCSWsVEzZiiNSv0/dzfH4XiE=",
        "owner": "nix-community",
        "repo": "home-manager",
        "rev": "be4a9233dd3f6104c9b0fdd3d56f953eb519a4c7",
        "type": "github"
      },
      "original": {
        "owner": "nix-community",
        "repo": "home-manager",
        "type": "github"
      }
    },
    "nixarr": {
      "inputs": {
        "nixpkgs": "nixpkgs",
        "vpnconfinement": "vpnconfinement",
        "website-builder": "website-builder"
      },
      "locked": {
        "lastModified": 1762329494,
        "narHash": "sha256-Cww1bU7xX3i6rSLUidM6mAW6srkPN2YH//YWrGt/yFc=",
        "owner": "rasmus-kirk",
        "repo": "nixarr",
        "rev": "837562b51943aec6459348a4cee1735c38067c80",
        "type": "github"
      },
      "original": {
        "owner": "rasmus-kirk",
        "repo": "nixarr",
        "type": "github"
      }
    },
    "nixpkgs": {
      "locked": {
        "lastModified": 1761016216,
        "narHash": "sha256-G/iC4t/9j/52i/nm+0/4ybBmAF4hzR8CNHC75qEhjHo=",
        "owner": "nixos",
        "repo": "nixpkgs",
        "rev": "481cf557888e05d3128a76f14c76397b7d7cc869",
        "type": "github"
      },
      "original": {
        "owner": "nixos",
        "ref": "nixos-25.05",
        "repo": "nixpkgs",
        "type": "github"
      }
    },
    "nixpkgs-nixos": {
      "locked": {
        "lastModified": 1762498405,
        "narHash": "sha256-Zg/SCgCaAioc0/SVZQJxuECGPJy+OAeBcGeA5okdYDc=",
        "owner": "nixos",
        "repo": "nixpkgs",
        "rev": "6faeb062ee4cf4f105989d490831713cc5a43ee1",
        "type": "github"
      },
      "original": {
        "owner": "nixos",
        "ref": "nixos-25.05",
        "repo": "nixpkgs",
        "type": "github"
      }
    },
    "nixpkgs_2": {
      "locked": {
        "lastModified": 1762482733,
        "narHash": "sha256-g/da4FzvckvbiZT075Sb1/YDNDr+tGQgh4N8i5ceYMg=",
        "owner": "nixos",
        "repo": "nixpkgs",
        "rev": "e1ebeec86b771e9d387dd02d82ffdc77ac753abc",
        "type": "github"
      },
      "original": {
        "owner": "nixos",
        "ref": "nixpkgs-unstable",
        "repo": "nixpkgs",
        "type": "github"
      }
    },
    "root": {
      "inputs": {
        "fish-done": "fish-done",
        "home-manager": "home-manager",
        "nixarr": "nixarr",
        "nixpkgs": "nixpkgs_2",
        "nixpkgs-nixos": "nixpkgs-nixos"
      }
    },
    "vpnconfinement": {
      "locked": {
        "lastModified": 1759956062,
        "narHash": "sha256-NUZu0Rb0fwUjfdp51zMm0xM3lcK8Kw4c97LLog7+JjA=",
        "owner": "Maroka-chan",
        "repo": "VPN-Confinement",
        "rev": "fabe7247b720b5eb4c3c053e24a2b3b70e64c52b",
        "type": "github"
      },
      "original": {
        "owner": "Maroka-chan",
        "repo": "VPN-Confinement",
        "type": "github"
      }
    },
    "website-builder": {
      "inputs": {
        "nixpkgs": [
          "nixarr",
          "nixpkgs"
        ]
      },
      "locked": {
        "lastModified": 1753958235,
        "narHash": "sha256-Rd27XQJKv8Z4BCr3gdbaHFd0TmumiGxdjGRzsEf/mOg=",
        "owner": "rasmus-kirk",
        "repo": "website-builder",
        "rev": "00a14b7ae7baef2197978ba7c3fe72dfca7bc475",
        "type": "github"
      },
      "original": {
        "owner": "rasmus-kirk",
        "repo": "website-builder",
        "type": "github"
      }
    }
  },
  "root": "root",
  "version": 7
}
